
Microsoft Visual Studio Solution File, Format Version 12.00
# Visual Studio Version 17
VisualStudioVersion = 17.0.31903.59
MinimumVisualStudioVersion = 10.0.40219.1
Project("{2150E333-8FDC-42A3-9474-1A3956D46DE8}") = "backend", "backend", "{43933F56-7278-4057-B7EA-149473B4B304}"
EndProject
Project("{FAE04EC0-301F-11D3-BF4B-00C04F79EFBC}") = "SurplusLink.Api", "backend\SurplusLink.Api\SurplusLink.Api.csproj", "{015948F2-82BD-42C0-B6C2-CB6DD96B411C}"
EndProject
Project("{FAE04EC0-301F-11D3-BF4B-00C04F79EFBC}") = "SurplusLink.Tests", "backend\SurplusLink.Tests\SurplusLink.Tests.csproj", "{EA02FC97-6F03-49B7-AF13-A3B3D57BFB58}"
EndProject
Global
	GlobalSection(SolutionConfigurationPlatforms) = preSolution
		Debug|Any CPU = Debug|Any CPU
		Release|Any CPU = Release|Any CPU
	EndGlobalSection
	GlobalSection(SolutionProperties) = preSolution
		HideSolutionNode = FALSE
	EndGlobalSection
	GlobalSection(ProjectConfigurationPlatforms) = postSolution
		{015948F2-82BD-42C0-B6C2-CB6DD96B411C}.Debug|Any CPU.ActiveCfg = Debug|Any CPU
		{015948F2-82BD-42C0-B6C2-CB6DD96B411C}.Debug|Any CPU.Build.0 = Debug|Any CPU
		{015948F2-82BD-42C0-B6C2-CB6DD96B411C}.Release|Any CPU.ActiveCfg = Release|Any CPU
		{015948F2-82BD-42C0-B6C2-CB6DD96B411C}.Release|Any CPU.Build.0 = Release|Any CPU
		{EA02FC97-6F03-49B7-AF13-A3B3D57BFB58}.Debug|Any CPU.ActiveCfg = Debug|Any CPU
		{EA02FC97-6F03-49B7-AF13-A3B3D57BFB58}.Debug|Any CPU.Build.0 = Debug|Any CPU
		{EA02FC97-6F03-49B7-AF13-A3B3D57BFB58}.Release|Any CPU.ActiveCfg = Release|Any CPU
		{EA02FC97-6F03-49B7-AF13-A3B3D57BFB58}.Release|Any CPU.Build.0 = Release|Any CPU
	EndGlobalSection
	GlobalSection(NestedProjects) = preSolution
		{015948F2-82BD-42C0-B6C2-CB6DD96B411C} = {43933F56-7278-4057-B7EA-149473B4B304}
		{EA02FC97-6F03-49B7-AF13-A3B3D57BFB58} = {43933F56-7278-4057-B7EA-149473B4B304}
	EndGlobalSection
EndGlobal
